<?xml version="1.0" encoding="utf-8"?>
<Project ToolsVersion="4.0" xmlns="http://schemas.microsoft.com/developer/msbuild/2003">
  <ItemGroup>
    <Filter Include="Source Files">
      <UniqueIdentifier>{4FC737F1-C7A5-4376-A066-2A32D752A2FF}</UniqueIdentifier>
      <Extensions>cpp;c;cc;cxx;def;odl;idl;hpj;bat;asm;asmx</Extensions>
    </Filter>
    <Filter Include="Header Files">
      <UniqueIdentifier>{93995380-89BD-4b04-88EB-625FBE52EBFB}</UniqueIdentifier>
      <Extensions>h;hh;hpp;hxx;hm;inl;inc;ipp;xsd</Extensions>
    </Filter>
    <Filter Include="Resource Files">
      <UniqueIdentifier>{67DA6AB6-F800-4c08-8B7A-83BB121AAD01}</UniqueIdentifier>
      <Extensions>rc;ico;cur;bmp;dlg;rc2;rct;bin;rgs;gif;jpg;jpeg;jpe;resx;tiff;tif;png;wav;mfcribbon-ms</Extensions>
    </Filter>
    <Filter Include="Header Files\Scripts">
      <UniqueIdentifier>{f1e701aa-c669-4bd4-b897-ed40b5be8962}</UniqueIdentifier>
    </Filter>
    <Filter Include="Source Files\Scripts">
      <UniqueIdentifier>{dc92aef8-e414-472f-99be-f0c77d36487f}</UniqueIdentifier>
    </Filter>
  </ItemGroup>
  <ItemGroup>
    <ClCompile Include="Hyperspace.cpp">
      <Filter>Source Files</Filter>
    </ClCompile>
    <ClCompile Include="Player.cpp">
      <Filter>Source Files</Filter>
    </ClCompile>
    <ClCompile Include="Ship.cpp">
      <Filter>Source Files</Filter>
    </ClCompile>
    <ClCompile Include="Navigation.cpp">
      <Filter>Source Files\Scripts</Filter>
    </ClCompile>
    <ClCompile Include="Enemy.cpp">
      <Filter>Source Files</Filter>
    </ClCompile>
    <ClCompile Include="Equipment.cpp">
      <Filter>Source Files</Filter>
    </ClCompile>
    <ClCompile Include="Faction.cpp">
      <Filter>Source Files</Filter>
    </ClCompile>
    <ClCompile Include="NaturalResource.cpp">
      <Filter>Source Files</Filter>
    </ClCompile>
    <ClCompile Include="GameWorld.cpp">
      <Filter>Source Files</Filter>
    </ClCompile>
    <ClCompile Include="Planet.cpp">
      <Filter>Source Files</Filter>
    </ClCompile>
    <ClCompile Include="GamePackage.cpp">
      <Filter>Source Files</Filter>
    </ClCompile>
    <ClCompile Include="RandomEncounter.cpp">
      <Filter>Source Files</Filter>
    </ClCompile>
    <ClCompile Include="ShipSystem.cpp">
      <Filter>Source Files</Filter>
    </ClCompile>
    <ClCompile Include="Weapon.cpp">
      <Filter>Source Files</Filter>
    </ClCompile>
    <ClCompile Include="HQueue.cpp">
      <Filter>Source Files</Filter>
    </ClCompile>
    <ClCompile Include="SpaceStation.cpp">
      <Filter>Source Files</Filter>
    </ClCompile>
    <ClCompile Include="ShipArchive.cpp">
      <Filter>Source Files\Scripts</Filter>
    </ClCompile>
  </ItemGroup>
  <ItemGroup>
    <ClInclude Include="Player.h">
      <Filter>Header Files</Filter>
    </ClInclude>
    <ClInclude Include="Ship.h">
      <Filter>Header Files</Filter>
    </ClInclude>
    <ClInclude Include="Navigation.h">
      <Filter>Header Files\Scripts</Filter>
    </ClInclude>
    <ClInclude Include="Planet.h">
      <Filter>Header Files</Filter>
    </ClInclude>
    <ClInclude Include="Enemy.h">
      <Filter>Header Files</Filter>
    </ClInclude>
    <ClInclude Include="Equipment.h">
      <Filter>Header Files</Filter>
    </ClInclude>
    <ClInclude Include="Faction.h">
      <Filter>Header Files</Filter>
    </ClInclude>
    <ClInclude Include="NaturalResource.h">
      <Filter>Header Files</Filter>
    </ClInclude>
    <ClInclude Include="GameWorld.h">
      <Filter>Header Files</Filter>
    </ClInclude>
    <ClInclude Include="GamePackage.h">
      <Filter>Header Files</Filter>
    </ClInclude>
    <ClInclude Include="RandomEncounter.h">
      <Filter>Header Files</Filter>
    </ClInclude>
    <ClInclude Include="ShipSystem.h">
      <Filter>Header Files</Filter>
    </ClInclude>
    <ClInclude Include="Weapon.h">
      <Filter>Header Files</Filter>
    </ClInclude>
    <ClInclude Include="HQueue.h">
      <Filter>Header Files</Filter>
    </ClInclude>
    <ClInclude Include="SpaceStation.h">
      <Filter>Header Files</Filter>
    </ClInclude>
  </ItemGroup>
  <ItemGroup>
    <ResourceCompile Include="Hyperspace.rc">
      <Filter>Resource Files</Filter>
    </ResourceCompile>
  </ItemGroup>
  <ItemGroup>
    <None Include="ClassDiagram.cd" />
  </ItemGroup>
</Project>